<?xml version="1.0" encoding="utf-8"?>
<Project ToolsVersion="4.0" xmlns="http://schemas.microsoft.com/developer/msbuild/2003">
  <ItemGroup>
    <Filter Include="소스 파일">
      <UniqueIdentifier>{4FC737F1-C7A5-4376-A066-2A32D752A2FF}</UniqueIdentifier>
      <Extensions>cpp;c;cc;cxx;c++;cppm;ixx;def;odl;idl;hpj;bat;asm;asmx</Extensions>
    </Filter>
    <Filter Include="헤더 파일">
      <UniqueIdentifier>{93995380-89BD-4b04-88EB-625FBE52EBFB}</UniqueIdentifier>
      <Extensions>h;hh;hpp;hxx;h++;hm;inl;inc;ipp;xsd</Extensions>
    </Filter>
    <Filter Include="리소스 파일">
      <UniqueIdentifier>{67DA6AB6-F800-4c08-8B7A-83BB121AAD01}</UniqueIdentifier>
      <Extensions>rc;ico;cur;bmp;dlg;rc2;rct;bin;rgs;gif;jpg;jpeg;jpe;resx;tiff;tif;png;wav;mfcribbon-ms</Extensions>
    </Filter>
  </ItemGroup>
  <ItemGroup>
    <ClInclude Include="Resource.h">
      <Filter>헤더 파일</Filter>
    </ClInclude>
    <ClInclude Include="App.h">
      <Filter>헤더 파일</Filter>
    </ClInclude>
    <ClInclude Include="std\iArray.h">
      <Filter>헤더 파일</Filter>
    </ClInclude>
    <ClInclude Include="std\iPoint.h">
      <Filter>헤더 파일</Filter>
    </ClInclude>
    <ClInclude Include="std\iSize.h">
      <Filter>헤더 파일</Filter>
    </ClInclude>
    <ClInclude Include="std\iUtil.h">
      <Filter>헤더 파일</Filter>
    </ClInclude>
    <ClInclude Include="std\iStd.h">
      <Filter>헤더 파일</Filter>
    </ClInclude>
    <ClInclude Include="0.Manager\InputMgr.h">
      <Filter>헤더 파일</Filter>
    </ClInclude>
    <ClInclude Include="std\iImage.h">
      <Filter>헤더 파일</Filter>
    </ClInclude>
    <ClInclude Include="std\iCommon.h">
      <Filter>헤더 파일</Filter>
    </ClInclude>
    <ClInclude Include="std\iRect.h">
      <Filter>헤더 파일</Filter>
    </ClInclude>
    <ClInclude Include="std\iWindow.h">
      <Filter>헤더 파일</Filter>
    </ClInclude>
    <ClInclude Include="std\iGraphics.h">
      <Filter>헤더 파일</Filter>
    </ClInclude>
    <ClInclude Include="std\iColor.h">
      <Filter>헤더 파일</Filter>
    </ClInclude>
    <ClInclude Include="std\iOpenGL.h">
      <Filter>헤더 파일</Filter>
    </ClInclude>
    <ClInclude Include="std\iMatrix.h">
      <Filter>헤더 파일</Filter>
    </ClInclude>
    <ClInclude Include="0.Manager\GameMgr.h">
      <Filter>헤더 파일</Filter>
    </ClInclude>
    <ClInclude Include="std\iPopup.h">
      <Filter>헤더 파일</Filter>
    </ClInclude>
    <ClInclude Include="std\iString.h">
      <Filter>헤더 파일</Filter>
    </ClInclude>
    <ClInclude Include="std\iStrTex.h">
      <Filter>헤더 파일</Filter>
    </ClInclude>
    <ClInclude Include="0.Manager\ImgMgr.h">
      <Filter>헤더 파일</Filter>
    </ClInclude>
    <ClInclude Include="1.GameSetup\Loading.h">
      <Filter>헤더 파일</Filter>
    </ClInclude>
    <ClInclude Include="1.GameSetup\Menu.h">
      <Filter>헤더 파일</Filter>
    </ClInclude>
    <ClInclude Include="1.GameSetup\Proc.h">
      <Filter>헤더 파일</Filter>
    </ClInclude>
    <ClInclude Include="1.GameSetup\ProcBullets.h">
      <Filter>헤더 파일</Filter>
    </ClInclude>
    <ClInclude Include="1.GameSetup\ProcField.h">
      <Filter>헤더 파일</Filter>
    </ClInclude>
    <ClInclude Include="1.GameSetup\ProcObject.h">
      <Filter>헤더 파일</Filter>
    </ClInclude>
    <ClInclude Include="0.Manager\UIMgr.h">
      <Filter>헤더 파일</Filter>
    </ClInclude>
    <ClInclude Include="StatusUI.h">
      <Filter>헤더 파일</Filter>
    </ClInclude>
    <ClInclude Include="1.GameSetup\ProcEnemy.h">
      <Filter>헤더 파일</Filter>
    </ClInclude>
    <ClInclude Include="3.Enemies\ArabMelee.h">
      <Filter>헤더 파일</Filter>
    </ClInclude>
    <ClInclude Include="0.Manager\EnemyMgr.h">
      <Filter>헤더 파일</Filter>
    </ClInclude>
    <ClInclude Include="3.Enemies\Mosque.h">
      <Filter>헤더 파일</Filter>
    </ClInclude>
    <ClInclude Include="1.GameSetup\ProcItem.h">
      <Filter>헤더 파일</Filter>
    </ClInclude>
    <ClInclude Include="0.Manager\BulletMgr.h">
      <Filter>헤더 파일</Filter>
    </ClInclude>
    <ClInclude Include="0.Manager\EffectMgr.h">
      <Filter>헤더 파일</Filter>
    </ClInclude>
    <ClInclude Include="1.GameSetup\Map.h">
      <Filter>헤더 파일</Filter>
    </ClInclude>
    <ClInclude Include="1.GameSetup\Select.h">
      <Filter>헤더 파일</Filter>
    </ClInclude>
    <ClInclude Include="3.Enemies\Kessie.h">
      <Filter>헤더 파일</Filter>
    </ClInclude>
    <ClInclude Include="Sorting.h">
      <Filter>헤더 파일</Filter>
    </ClInclude>
    <ClInclude Include="ProcNpc.h">
      <Filter>헤더 파일</Filter>
    </ClInclude>
    <ClInclude Include="5.NPC\Ichimondi.h">
      <Filter>헤더 파일</Filter>
    </ClInclude>
    <ClInclude Include="0.Manager\AnimationMgr.h">
      <Filter>헤더 파일</Filter>
    </ClInclude>
    <ClInclude Include="3.Enemies\ArabBurserker.h">
      <Filter>헤더 파일</Filter>
    </ClInclude>
  </ItemGroup>
  <ItemGroup>
    <ClCompile Include="App.cpp">
      <Filter>소스 파일</Filter>
    </ClCompile>
    <ClCompile Include="std\iArray.cpp">
      <Filter>소스 파일</Filter>
    </ClCompile>
    <ClCompile Include="std\iPoint.cpp">
      <Filter>소스 파일</Filter>
    </ClCompile>
    <ClCompile Include="std\iSize.cpp">
      <Filter>소스 파일</Filter>
    </ClCompile>
    <ClCompile Include="std\iUtil.cpp">
      <Filter>소스 파일</Filter>
    </ClCompile>
    <ClCompile Include="std\iStd.cpp">
      <Filter>소스 파일</Filter>
    </ClCompile>
    <ClCompile Include="0.Manager\InputMgr.cpp">
      <Filter>소스 파일</Filter>
    </ClCompile>
    <ClCompile Include="std\iImage.cpp">
      <Filter>소스 파일</Filter>
    </ClCompile>
    <ClCompile Include="std\iRect.cpp">
      <Filter>소스 파일</Filter>
    </ClCompile>
    <ClCompile Include="std\iWindow.cpp">
      <Filter>소스 파일</Filter>
    </ClCompile>
    <ClCompile Include="std\iGraphics.cpp">
      <Filter>소스 파일</Filter>
    </ClCompile>
    <ClCompile Include="std\iColor.cpp">
      <Filter>소스 파일</Filter>
    </ClCompile>
    <ClCompile Include="std\iOpenGL.cpp">
      <Filter>소스 파일</Filter>
    </ClCompile>
    <ClCompile Include="std\iMatrix.cpp">
      <Filter>소스 파일</Filter>
    </ClCompile>
    <ClCompile Include="0.Manager\GameMgr.cpp">
      <Filter>소스 파일</Filter>
    </ClCompile>
    <ClCompile Include="glew.c">
      <Filter>소스 파일</Filter>
    </ClCompile>
    <ClCompile Include="std\iPopup.cpp">
      <Filter>소스 파일</Filter>
    </ClCompile>
    <ClCompile Include="std\iString.cpp">
      <Filter>소스 파일</Filter>
    </ClCompile>
    <ClCompile Include="std\iStrTex.cpp">
      <Filter>소스 파일</Filter>
    </ClCompile>
    <ClCompile Include="0.Manager\ImgMgr.cpp">
      <Filter>소스 파일</Filter>
    </ClCompile>
    <ClCompile Include="1.GameSetup\Loading.cpp">
      <Filter>소스 파일</Filter>
    </ClCompile>
    <ClCompile Include="1.GameSetup\Menu.cpp">
      <Filter>소스 파일</Filter>
    </ClCompile>
    <ClCompile Include="1.GameSetup\Proc.cpp">
      <Filter>소스 파일</Filter>
    </ClCompile>
    <ClCompile Include="1.GameSetup\ProcBullets.cpp">
      <Filter>소스 파일</Filter>
    </ClCompile>
    <ClCompile Include="1.GameSetup\ProcField.cpp">
      <Filter>소스 파일</Filter>
    </ClCompile>
    <ClCompile Include="1.GameSetup\ProcObject.cpp">
      <Filter>소스 파일</Filter>
    </ClCompile>
    <ClCompile Include="1.GameSetup\ProcPlayer.cpp">
      <Filter>소스 파일</Filter>
    </ClCompile>
    <ClCompile Include="0.Manager\UIMgr.cpp">
      <Filter>소스 파일</Filter>
    </ClCompile>
    <ClCompile Include="2.UI\StatusUI.cpp">
      <Filter>소스 파일</Filter>
    </ClCompile>
    <ClCompile Include="1.GameSetup\ProcEnemy.cpp">
      <Filter>소스 파일</Filter>
    </ClCompile>
    <ClCompile Include="3.Enemies\ArabMelee.cpp">
      <Filter>소스 파일</Filter>
    </ClCompile>
    <ClCompile Include="0.Manager\EnemyMgr.cpp">
      <Filter>소스 파일</Filter>
    </ClCompile>
    <ClCompile Include="3.Enemies\Mosque.cpp">
      <Filter>소스 파일</Filter>
    </ClCompile>
    <ClCompile Include="1.GameSetup\ProcItem.cpp">
      <Filter>소스 파일</Filter>
    </ClCompile>
    <ClCompile Include="0.Manager\BulletMgr.cpp">
      <Filter>소스 파일</Filter>
    </ClCompile>
    <ClCompile Include="0.Manager\EffectMgr.cpp">
      <Filter>소스 파일</Filter>
    </ClCompile>
    <ClCompile Include="1.GameSetup\Map.cpp">
      <Filter>소스 파일</Filter>
    </ClCompile>
    <ClCompile Include="1.GameSetup\Select.cpp">
      <Filter>소스 파일</Filter>
    </ClCompile>
    <ClCompile Include="3.Enemies\Kessie.cpp">
      <Filter>소스 파일</Filter>
    </ClCompile>
    <ClCompile Include="Sorting.cpp">
      <Filter>소스 파일</Filter>
    </ClCompile>
    <ClCompile Include="ProcNpc.cpp">
      <Filter>소스 파일</Filter>
    </ClCompile>
    <ClCompile Include="5.NPC\Ichimondi.cpp">
      <Filter>소스 파일</Filter>
    </ClCompile>
    <ClCompile Include="0.Manager\AnimationMgr.cpp">
      <Filter>소스 파일</Filter>
    </ClCompile>
    <ClCompile Include="3.Enemies\ArabBurserker.cpp">
      <Filter>소스 파일</Filter>
    </ClCompile>
  </ItemGroup>
  <ItemGroup>
    <ResourceCompile Include="Metalslug.rc">
      <Filter>리소스 파일</Filter>
    </ResourceCompile>
  </ItemGroup>
  <ItemGroup>
    <Image Include="small.ico">
      <Filter>리소스 파일</Filter>
    </Image>
    <Image Include="Metalslug.ico">
      <Filter>리소스 파일</Filter>
    </Image>
  </ItemGroup>
</Project>